Microsoft Visual Studio Solution File, Format Version 12.00
# Visual Studio Version 17
Project("{FAE04EC0-301F-11D3-BF4B-00C04F79EFBC}") = "Klip", "src\Klip\Klip.csproj", "{8F2A1C0E-7B64-4D91-9C33-0A1B2C3D4E5F}"
EndProject
Global
	GlobalSection(SolutionConfigurationPlatforms) = preSolution
		Debug|Any CPU = Debug|Any CPU
		Release|Any CPU = Release|Any CPU
	EndGlobalSection
	GlobalSection(ProjectConfigurationPlatforms) = postSolution
		{8F2A1C0E-7B64-4D91-9C33-0A1B2C3D4E5F}.Debug|Any CPU.ActiveCfg = Debug|Any CPU
		{8F2A1C0E-7B64-4D91-9C33-0A1B2C3D4E5F}.Debug|Any CPU.Build.0 = Debug|Any CPU
		{8F2A1C0E-7B64-4D91-9C33-0A1B2C3D4E5F}.Release|Any CPU.ActiveCfg = Release|Any CPU
		{8F2A1C0E-7B64-4D91-9C33-0A1B2C3D4E5F}.Release|Any CPU.Build.0 = Release|Any CPU
	EndGlobalSection
EndGlobal
